
Microsoft Visual Studio Solution File, Format Version 12.00
# Visual Studio 15
VisualStudioVersion = 15.0.27703.2047
MinimumVisualStudioVersion = 10.0.40219.1
Project("{FAE04EC0-301F-11D3-BF4B-00C04F79EFBC}") = "WindowsFormsApp3", "WindowsFormsApp3\WindowsFormsApp3.csproj", "{060424F9-4DD2-47B5-B97D-A7E20DA9B4DD}"
EndProject
Global
	GlobalSection(SolutionConfigurationPlatforms) = preSolution
		Debug|Any CPU = Debug|Any CPU
		Release|Any CPU = Release|Any CPU
	EndGlobalSection
	GlobalSection(ProjectConfigurationPlatforms) = postSolution
		{060424F9-4DD2-47B5-B97D-A7E20DA9B4DD}.Debug|Any CPU.ActiveCfg = Debug|Any CPU
		{060424F9-4DD2-47B5-B97D-A7E20DA9B4DD}.Debug|Any CPU.Build.0 = Debug|Any CPU
		{060424F9-4DD2-47B5-B97D-A7E20DA9B4DD}.Release|Any CPU.ActiveCfg = Release|Any CPU
		{060424F9-4DD2-47B5-B97D-A7E20DA9B4DD}.Release|Any CPU.Build.0 = Release|Any CPU
	EndGlobalSection
	GlobalSection(SolutionProperties) = preSolution
		HideSolutionNode = FALSE
	EndGlobalSection
	GlobalSection(ExtensibilityGlobals) = postSolution
		SolutionGuid = {3989E62E-9A9F-4EB9-911E-A70824208C4D}
	EndGlobalSection
EndGlobal
